{
  "requires": true,
  "lockfileVersion": 1,
  "dependencies": {
    "hls-server": {
      "version": "1.5.0",
      "resolved": "https://registry.npmjs.org/hls-server/-/hls-server-1.5.0.tgz",
      "integrity": "sha512-uDTPyuNvHjd5KkK/Zmm6vAWERdRp0l8rlkfSO56KcJGsEfFMwVcgkzbScTmrV+kuOq9FznWf9ze9pprtGEletA==",
      "requires": {
        "http-attach": "^1.0.0",
        "minimist": "^1.2.0"
      }
    },
    "http-attach": {
      "version": "1.0.0",
      "resolved": "https://registry.npmjs.org/http-attach/-/http-attach-1.0.0.tgz",
      "integrity": "sha1-ZeqA8AaWMB3s5dbMiC2BGzEy0AY="
    },
    "minimist": {
      "version": "1.2.0",
      "resolved": "https://registry.npmjs.org/minimist/-/minimist-1.2.0.tgz",
      "integrity": "sha1-o1AIsg9BOD7sH7kU9M1d95omQoQ="
    }
  }
}
